
Microsoft Visual Studio Solution File, Format Version 11.00
# Visual Studio 2010
Project("{FAE04EC0-301F-11D3-BF4B-00C04F79EFBC}") = "OfficeManagementSystem", "OfficeManagementSystem\OfficeManagementSystem.csproj", "{6648C561-2D28-484D-B4D8-4951F5D47C3D}"
EndProject
Global
	GlobalSection(SolutionConfigurationPlatforms) = preSolution
		Debug|x86 = Debug|x86
		Release|x86 = Release|x86
	EndGlobalSection
	GlobalSection(ProjectConfigurationPlatforms) = postSolution
		{6648C561-2D28-484D-B4D8-4951F5D47C3D}.Debug|x86.ActiveCfg = Debug|x86
		{6648C561-2D28-484D-B4D8-4951F5D47C3D}.Debug|x86.Build.0 = Debug|x86
		{6648C561-2D28-484D-B4D8-4951F5D47C3D}.Release|x86.ActiveCfg = Release|x86
		{6648C561-2D28-484D-B4D8-4951F5D47C3D}.Release|x86.Build.0 = Release|x86
	EndGlobalSection
	GlobalSection(SolutionProperties) = preSolution
		HideSolutionNode = FALSE
	EndGlobalSection
EndGlobal
